
Microsoft Visual Studio Solution File, Format Version 12.00
# Visual Studio Version 17
VisualStudioVersion = 17.5.33530.505
MinimumVisualStudioVersion = 10.0.40219.1
Project("{8BC9CEB8-8B4A-11D0-8D11-00A0C91BC942}") = "OpenGL", "OpenGL\OpenGL.vcxproj", "{A5246AFD-1789-4C91-B41D-FF89FE3A7F55}"
EndProject
Global
	GlobalSection(SolutionConfigurationPlatforms) = preSolution
		UnityDebug|x64 = UnityDebug|x64
		UnityRelease|x64 = UnityRelease|x64
	EndGlobalSection
	GlobalSection(ProjectConfigurationPlatforms) = postSolution
		{A5246AFD-1789-4C91-B41D-FF89FE3A7F55}.UnityDebug|x64.ActiveCfg = UnityDebug|x64
		{A5246AFD-1789-4C91-B41D-FF89FE3A7F55}.UnityDebug|x64.Build.0 = UnityDebug|x64
		{A5246AFD-1789-4C91-B41D-FF89FE3A7F55}.UnityRelease|x64.ActiveCfg = UnityRelease|x64
		{A5246AFD-1789-4C91-B41D-FF89FE3A7F55}.UnityRelease|x64.Build.0 = UnityRelease|x64
	EndGlobalSection
	GlobalSection(SolutionProperties) = preSolution
		HideSolutionNode = FALSE
	EndGlobalSection
	GlobalSection(ExtensibilityGlobals) = postSolution
		SolutionGuid = {CF61AFE7-6114-4EF5-B2ED-3F382079CD49}
	EndGlobalSection
EndGlobal
