
Microsoft Visual Studio Solution File, Format Version 12.00
# Visual Studio Version 17
VisualStudioVersion = 17.5.33530.505
MinimumVisualStudioVersion = 10.0.40219.1
Project("{8BC9CEB8-8B4A-11D0-8D11-00A0C91BC942}") = "OpenGL", "OpenGL\OpenGL.vcxproj", "{A5246AFD-1789-4C91-B41D-FF89FE3A7F55}"
EndProject
Global
	GlobalSection(SolutionConfigurationPlatforms) = preSolution
		Debug|x64 = Debug|x64
		Debug|x86 = Debug|x86
		Release|x64 = Release|x64
		Release|x86 = Release|x86
	EndGlobalSection
	GlobalSection(ProjectConfigurationPlatforms) = postSolution
		{A5246AFD-1789-4C91-B41D-FF89FE3A7F55}.Debug|x64.ActiveCfg = Debug|x64
		{A5246AFD-1789-4C91-B41D-FF89FE3A7F55}.Debug|x64.Build.0 = Debug|x64
		{A5246AFD-1789-4C91-B41D-FF89FE3A7F55}.Debug|x86.ActiveCfg = Debug|Win32
		{A5246AFD-1789-4C91-B41D-FF89FE3A7F55}.Debug|x86.Build.0 = Debug|Win32
		{A5246AFD-1789-4C91-B41D-FF89FE3A7F55}.Release|x64.ActiveCfg = Release|x64
		{A5246AFD-1789-4C91-B41D-FF89FE3A7F55}.Release|x64.Build.0 = Release|x64
		{A5246AFD-1789-4C91-B41D-FF89FE3A7F55}.Release|x86.ActiveCfg = Release|Win32
		{A5246AFD-1789-4C91-B41D-FF89FE3A7F55}.Release|x86.Build.0 = Release|Win32
	EndGlobalSection
	GlobalSection(SolutionProperties) = preSolution
		HideSolutionNode = FALSE
	EndGlobalSection
	GlobalSection(ExtensibilityGlobals) = postSolution
		SolutionGuid = {CF61AFE7-6114-4EF5-B2ED-3F382079CD49}
	EndGlobalSection
EndGlobal
